// !$*UTF8*$!
{
	archiveVersion = 1;
	classes = {
	};
	objectVersion = 50;
	objects = {

/* Begin PBXBuildFile section */
		92106C8A20ADBCF7000B16C8 /* Block.swift in Sources */ = {isa = PBXBuildFile; fileRef = 92106C8920ADBCF7000B16C8 /* Block.swift */; };
		92106C8C20ADBD02000B16C8 /* Lesson.swift in Sources */ = {isa = PBXBuildFile; fileRef = 92106C8B20ADBD02000B16C8 /* Lesson.swift */; };
		92106C8E20ADBD1D000B16C8 /* Word.swift in Sources */ = {isa = PBXBuildFile; fileRef = 92106C8D20ADBD1D000B16C8 /* Word.swift */; };
		92106C9020ADBD3C000B16C8 /* Phrase.swift in Sources */ = {isa = PBXBuildFile; fileRef = 92106C8F20ADBD3C000B16C8 /* Phrase.swift */; };
		9243DFC220B426D900651713 /* BlockGameWireframe.swift in Sources */ = {isa = PBXBuildFile; fileRef = 9243DFC120B426D900651713 /* BlockGameWireframe.swift */; };
		9243DFC520B4356C00651713 /* LoadingVC.swift in Sources */ = {isa = PBXBuildFile; fileRef = 9243DFC420B4356C00651713 /* LoadingVC.swift */; };
		926674BC20ADC08200F91D32 /* DataServiceV2.swift in Sources */ = {isa = PBXBuildFile; fileRef = 926674BB20ADC08200F91D32 /* DataServiceV2.swift */; };
		926674BF20ADC10600F91D32 /* Root.swift in Sources */ = {isa = PBXBuildFile; fileRef = 926674BE20ADC10600F91D32 /* Root.swift */; };
		927101E720AEF9ED003B9D20 /* StatRoot.swift in Sources */ = {isa = PBXBuildFile; fileRef = 927101E620AEF9ED003B9D20 /* StatRoot.swift */; };
		927101E920AEFA12003B9D20 /* StatBlock.swift in Sources */ = {isa = PBXBuildFile; fileRef = 927101E820AEFA12003B9D20 /* StatBlock.swift */; };
		927101EB20AEFA23003B9D20 /* StatLesson.swift in Sources */ = {isa = PBXBuildFile; fileRef = 927101EA20AEFA23003B9D20 /* StatLesson.swift */; };
		927101ED20AEFA30003B9D20 /* StatWord.swift in Sources */ = {isa = PBXBuildFile; fileRef = 927101EC20AEFA30003B9D20 /* StatWord.swift */; };
		92B18D5120A45B0300F3CF08 /* CardView.swift in Sources */ = {isa = PBXBuildFile; fileRef = 92B18D5020A45B0300F3CF08 /* CardView.swift */; };
		92B18D5320A45C5D00F3CF08 /* IGameServiceOutput.swift in Sources */ = {isa = PBXBuildFile; fileRef = 92B18D5220A45C5D00F3CF08 /* IGameServiceOutput.swift */; };
		92B2760020B31CDB008E51A7 /* RoundedProgressView.swift in Sources */ = {isa = PBXBuildFile; fileRef = 92B275FF20B31CDB008E51A7 /* RoundedProgressView.swift */; };
		92B924F920A5AEAB009A20B4 /* GameConfig.swift in Sources */ = {isa = PBXBuildFile; fileRef = 92B924F820A5AEAB009A20B4 /* GameConfig.swift */; };
		92C2F3AB20A1A95300F5982B /* BigButton.swift in Sources */ = {isa = PBXBuildFile; fileRef = 92C2F3AA20A1A95300F5982B /* BigButton.swift */; };
		92C2F3D020A1DE0400F5982B /* GameAssembly.swift in Sources */ = {isa = PBXBuildFile; fileRef = 92C2F3CF20A1DE0400F5982B /* GameAssembly.swift */; };
		92C2F3D220A1E1E700F5982B /* FlashcardsWireframe.swift in Sources */ = {isa = PBXBuildFile; fileRef = 92C2F3D120A1E1E700F5982B /* FlashcardsWireframe.swift */; };
		92C2F3D420A1E38D00F5982B /* FlashcardsStyles.swift in Sources */ = {isa = PBXBuildFile; fileRef = 92C2F3D320A1E38D00F5982B /* FlashcardsStyles.swift */; };
		92C2F3D620A1E4F100F5982B /* GamePresenter.swift in Sources */ = {isa = PBXBuildFile; fileRef = 92C2F3D520A1E4F100F5982B /* GamePresenter.swift */; };
		92C2F3DC20A1E58C00F5982B /* GameProtocols.swift in Sources */ = {isa = PBXBuildFile; fileRef = 92C2F3DB20A1E58C00F5982B /* GameProtocols.swift */; };
		92C2F3DE20A1E6D800F5982B /* LaunchScreen.storyboard in Resources */ = {isa = PBXBuildFile; fileRef = 92C2F3DD20A1E6D800F5982B /* LaunchScreen.storyboard */; };
		92C2F3E020A1EA6B00F5982B /* Icon.xcassets in Resources */ = {isa = PBXBuildFile; fileRef = 92C2F3DF20A1EA6A00F5982B /* Icon.xcassets */; };
		92C2F3E920A1F01E00F5982B /* StatPhrase.swift in Sources */ = {isa = PBXBuildFile; fileRef = 92C2F3E820A1F01E00F5982B /* StatPhrase.swift */; };
		92C2F3EB20A1F28B00F5982B /* IDataService.swift in Sources */ = {isa = PBXBuildFile; fileRef = 92C2F3EA20A1F28B00F5982B /* IDataService.swift */; };
		92C2F3F020A1F3EF00F5982B /* IGameService.swift in Sources */ = {isa = PBXBuildFile; fileRef = 92C2F3EF20A1F3EF00F5982B /* IGameService.swift */; };
		92C2F3F220A1FAA000F5982B /* HexColor.swift in Sources */ = {isa = PBXBuildFile; fileRef = 92C2F3F120A1FAA000F5982B /* HexColor.swift */; };
		92CE27B820AB38820057988B /* Speaker.swift in Sources */ = {isa = PBXBuildFile; fileRef = 92CE27B720AB38820057988B /* Speaker.swift */; };
		92E85FA720A462A100A54819 /* CardView.xib in Resources */ = {isa = PBXBuildFile; fileRef = 92E85FA620A462A100A54819 /* CardView.xib */; };
		92E85FC520A46F4100A54819 /* EvergreenBitsUI.framework in Frameworks */ = {isa = PBXBuildFile; fileRef = 92E85FC220A46EA800A54819 /* EvergreenBitsUI.framework */; };
		92E85FC620A46F4100A54819 /* EvergreenBitsUI.framework in Embed Frameworks */ = {isa = PBXBuildFile; fileRef = 92E85FC220A46EA800A54819 /* EvergreenBitsUI.framework */; settings = {ATTRIBUTES = (CodeSignOnCopy, RemoveHeadersOnCopy, ); }; };
		92EE108B20A98C1000D5C0F4 /* LessonGameService.swift in Sources */ = {isa = PBXBuildFile; fileRef = 92EE108A20A98C1000D5C0F4 /* LessonGameService.swift */; };
		92F4AE2220A0A8F100E3EF19 /* AppDelegate.swift in Sources */ = {isa = PBXBuildFile; fileRef = 92F4AE2120A0A8F100E3EF19 /* AppDelegate.swift */; };
		92F4AE2420A0A8F100E3EF19 /* GameVC.swift in Sources */ = {isa = PBXBuildFile; fileRef = 92F4AE2320A0A8F100E3EF19 /* GameVC.swift */; };
		92F4AE2720A0A8F100E3EF19 /* Main.storyboard in Resources */ = {isa = PBXBuildFile; fileRef = 92F4AE2520A0A8F100E3EF19 /* Main.storyboard */; };
		92F4AE2920A0A8F600E3EF19 /* Assets.xcassets in Resources */ = {isa = PBXBuildFile; fileRef = 92F4AE2820A0A8F600E3EF19 /* Assets.xcassets */; };
/* End PBXBuildFile section */

/* Begin PBXContainerItemProxy section */
		92E85FC120A46EA800A54819 /* PBXContainerItemProxy */ = {
			isa = PBXContainerItemProxy;
			containerPortal = 92E85FBD20A46EA600A54819 /* EvergreenBitsUI.xcodeproj */;
			proxyType = 2;
			remoteGlobalIDString = 92E85FB220A46EA600A54819;
			remoteInfo = EvergreenBitsUI;
		};
		92E85FC720A46F4100A54819 /* PBXContainerItemProxy */ = {
			isa = PBXContainerItemProxy;
			containerPortal = 92E85FBD20A46EA600A54819 /* EvergreenBitsUI.xcodeproj */;
			proxyType = 1;
			remoteGlobalIDString = 92E85FB120A46EA600A54819;
			remoteInfo = EvergreenBitsUI;
		};
/* End PBXContainerItemProxy section */

/* Begin PBXCopyFilesBuildPhase section */
		92E85FC920A46F4100A54819 /* Embed Frameworks */ = {
			isa = PBXCopyFilesBuildPhase;
			buildActionMask = 2147483647;
			dstPath = "";
			dstSubfolderSpec = 10;
			files = (
				92E85FC620A46F4100A54819 /* EvergreenBitsUI.framework in Embed Frameworks */,
			);
			name = "Embed Frameworks";
			runOnlyForDeploymentPostprocessing = 0;
		};
/* End PBXCopyFilesBuildPhase section */

/* Begin PBXFileReference section */
		92106C8920ADBCF7000B16C8 /* Block.swift */ = {isa = PBXFileReference; lastKnownFileType = sourcecode.swift; path = Block.swift; sourceTree = "<group>"; };
		92106C8B20ADBD02000B16C8 /* Lesson.swift */ = {isa = PBXFileReference; lastKnownFileType = sourcecode.swift; path = Lesson.swift; sourceTree = "<group>"; };
		92106C8D20ADBD1D000B16C8 /* Word.swift */ = {isa = PBXFileReference; lastKnownFileType = sourcecode.swift; path = Word.swift; sourceTree = "<group>"; };
		92106C8F20ADBD3C000B16C8 /* Phrase.swift */ = {isa = PBXFileReference; lastKnownFileType = sourcecode.swift; path = Phrase.swift; sourceTree = "<group>"; };
		9243DFC120B426D900651713 /* BlockGameWireframe.swift */ = {isa = PBXFileReference; lastKnownFileType = sourcecode.swift; path = BlockGameWireframe.swift; sourceTree = "<group>"; };
		9243DFC420B4356C00651713 /* LoadingVC.swift */ = {isa = PBXFileReference; lastKnownFileType = sourcecode.swift; path = LoadingVC.swift; sourceTree = "<group>"; };
		926674BB20ADC08200F91D32 /* DataServiceV2.swift */ = {isa = PBXFileReference; fileEncoding = 4; lastKnownFileType = sourcecode.swift; path = DataServiceV2.swift; sourceTree = "<group>"; };
		926674BE20ADC10600F91D32 /* Root.swift */ = {isa = PBXFileReference; lastKnownFileType = sourcecode.swift; path = Root.swift; sourceTree = "<group>"; };
		927101E620AEF9ED003B9D20 /* StatRoot.swift */ = {isa = PBXFileReference; lastKnownFileType = sourcecode.swift; path = StatRoot.swift; sourceTree = "<group>"; };
		927101E820AEFA12003B9D20 /* StatBlock.swift */ = {isa = PBXFileReference; lastKnownFileType = sourcecode.swift; path = StatBlock.swift; sourceTree = "<group>"; };
		927101EA20AEFA23003B9D20 /* StatLesson.swift */ = {isa = PBXFileReference; lastKnownFileType = sourcecode.swift; path = StatLesson.swift; sourceTree = "<group>"; };
		927101EC20AEFA30003B9D20 /* StatWord.swift */ = {isa = PBXFileReference; lastKnownFileType = sourcecode.swift; path = StatWord.swift; sourceTree = "<group>"; };
		92B18D5020A45B0300F3CF08 /* CardView.swift */ = {isa = PBXFileReference; lastKnownFileType = sourcecode.swift; path = CardView.swift; sourceTree = "<group>"; };
		92B18D5220A45C5D00F3CF08 /* IGameServiceOutput.swift */ = {isa = PBXFileReference; lastKnownFileType = sourcecode.swift; path = IGameServiceOutput.swift; sourceTree = "<group>"; };
		92B275FF20B31CDB008E51A7 /* RoundedProgressView.swift */ = {isa = PBXFileReference; lastKnownFileType = sourcecode.swift; path = RoundedProgressView.swift; sourceTree = "<group>"; };
		92B924F820A5AEAB009A20B4 /* GameConfig.swift */ = {isa = PBXFileReference; lastKnownFileType = sourcecode.swift; path = GameConfig.swift; sourceTree = "<group>"; };
		92C2F3AA20A1A95300F5982B /* BigButton.swift */ = {isa = PBXFileReference; lastKnownFileType = sourcecode.swift; path = BigButton.swift; sourceTree = "<group>"; };
		92C2F3CF20A1DE0400F5982B /* GameAssembly.swift */ = {isa = PBXFileReference; lastKnownFileType = sourcecode.swift; path = GameAssembly.swift; sourceTree = "<group>"; };
		92C2F3D120A1E1E700F5982B /* FlashcardsWireframe.swift */ = {isa = PBXFileReference; lastKnownFileType = sourcecode.swift; path = FlashcardsWireframe.swift; sourceTree = "<group>"; };
		92C2F3D320A1E38D00F5982B /* FlashcardsStyles.swift */ = {isa = PBXFileReference; lastKnownFileType = sourcecode.swift; path = FlashcardsStyles.swift; sourceTree = "<group>"; };
		92C2F3D520A1E4F100F5982B /* GamePresenter.swift */ = {isa = PBXFileReference; lastKnownFileType = sourcecode.swift; path = GamePresenter.swift; sourceTree = "<group>"; };
		92C2F3DB20A1E58C00F5982B /* GameProtocols.swift */ = {isa = PBXFileReference; lastKnownFileType = sourcecode.swift; path = GameProtocols.swift; sourceTree = "<group>"; };
		92C2F3DD20A1E6D800F5982B /* LaunchScreen.storyboard */ = {isa = PBXFileReference; lastKnownFileType = file.storyboard; path = LaunchScreen.storyboard; sourceTree = "<group>"; };
		92C2F3DF20A1EA6A00F5982B /* Icon.xcassets */ = {isa = PBXFileReference; lastKnownFileType = folder.assetcatalog; path = Icon.xcassets; sourceTree = "<group>"; };
		92C2F3E820A1F01E00F5982B /* StatPhrase.swift */ = {isa = PBXFileReference; lastKnownFileType = sourcecode.swift; path = StatPhrase.swift; sourceTree = "<group>"; };
		92C2F3EA20A1F28B00F5982B /* IDataService.swift */ = {isa = PBXFileReference; lastKnownFileType = sourcecode.swift; path = IDataService.swift; sourceTree = "<group>"; };
		92C2F3EF20A1F3EF00F5982B /* IGameService.swift */ = {isa = PBXFileReference; lastKnownFileType = sourcecode.swift; path = IGameService.swift; sourceTree = "<group>"; };
		92C2F3F120A1FAA000F5982B /* HexColor.swift */ = {isa = PBXFileReference; lastKnownFileType = sourcecode.swift; path = HexColor.swift; sourceTree = "<group>"; };
		92CE27B720AB38820057988B /* Speaker.swift */ = {isa = PBXFileReference; lastKnownFileType = sourcecode.swift; path = Speaker.swift; sourceTree = "<group>"; };
		92E85FA620A462A100A54819 /* CardView.xib */ = {isa = PBXFileReference; lastKnownFileType = file.xib; path = CardView.xib; sourceTree = "<group>"; };
		92E85FBD20A46EA600A54819 /* EvergreenBitsUI.xcodeproj */ = {isa = PBXFileReference; lastKnownFileType = "wrapper.pb-project"; name = EvergreenBitsUI.xcodeproj; path = EvergreenBitsUI/EvergreenBitsUI.xcodeproj; sourceTree = "<group>"; };
		92EE108A20A98C1000D5C0F4 /* LessonGameService.swift */ = {isa = PBXFileReference; lastKnownFileType = sourcecode.swift; path = LessonGameService.swift; sourceTree = "<group>"; };
		92F4AE1E20A0A8F100E3EF19 /* Flashcards.app */ = {isa = PBXFileReference; explicitFileType = wrapper.application; includeInIndex = 0; path = Flashcards.app; sourceTree = BUILT_PRODUCTS_DIR; };
		92F4AE2120A0A8F100E3EF19 /* AppDelegate.swift */ = {isa = PBXFileReference; lastKnownFileType = sourcecode.swift; path = AppDelegate.swift; sourceTree = "<group>"; };
		92F4AE2320A0A8F100E3EF19 /* GameVC.swift */ = {isa = PBXFileReference; lastKnownFileType = sourcecode.swift; path = GameVC.swift; sourceTree = "<group>"; };
		92F4AE2620A0A8F100E3EF19 /* Base */ = {isa = PBXFileReference; lastKnownFileType = file.storyboard; name = Base; path = Base.lproj/Main.storyboard; sourceTree = "<group>"; };
		92F4AE2820A0A8F600E3EF19 /* Assets.xcassets */ = {isa = PBXFileReference; lastKnownFileType = folder.assetcatalog; path = Assets.xcassets; sourceTree = "<group>"; };
		92F4AE2D20A0A8F600E3EF19 /* Info.plist */ = {isa = PBXFileReference; lastKnownFileType = text.plist.xml; path = Info.plist; sourceTree = "<group>"; };
/* End PBXFileReference section */

/* Begin PBXFrameworksBuildPhase section */
		92F4AE1B20A0A8F100E3EF19 /* Frameworks */ = {
			isa = PBXFrameworksBuildPhase;
			buildActionMask = 2147483647;
			files = (
				92E85FC520A46F4100A54819 /* EvergreenBitsUI.framework in Frameworks */,
			);
			runOnlyForDeploymentPostprocessing = 0;
		};
/* End PBXFrameworksBuildPhase section */

/* Begin PBXGroup section */
		92106C8820ADBCCA000B16C8 /* Models */ = {
			isa = PBXGroup;
			children = (
				923D036720B41B02001173D7 /* GameResource */,
				927101E520AEF9CE003B9D20 /* Stat */,
			);
			path = Models;
			sourceTree = "<group>";
		};
		92106C9420ADC02D000B16C8 /* V2 */ = {
			isa = PBXGroup;
			children = (
				92C2F3EA20A1F28B00F5982B /* IDataService.swift */,
				926674BB20ADC08200F91D32 /* DataServiceV2.swift */,
			);
			path = V2;
			sourceTree = "<group>";
		};
		923D036720B41B02001173D7 /* GameResource */ = {
			isa = PBXGroup;
			children = (
				926674BE20ADC10600F91D32 /* Root.swift */,
				92106C8920ADBCF7000B16C8 /* Block.swift */,
				92106C8B20ADBD02000B16C8 /* Lesson.swift */,
				92106C8D20ADBD1D000B16C8 /* Word.swift */,
				92106C8F20ADBD3C000B16C8 /* Phrase.swift */,
			);
			path = GameResource;
			sourceTree = "<group>";
		};
		9243DFC020B425DA00651713 /* BlockGameWireframe */ = {
			isa = PBXGroup;
			children = (
				9243DFC120B426D900651713 /* BlockGameWireframe.swift */,
			);
			path = BlockGameWireframe;
			sourceTree = "<group>";
		};
		9243DFC320B4276900651713 /* FlashcardsWireframe */ = {
			isa = PBXGroup;
			children = (
				92C2F3D120A1E1E700F5982B /* FlashcardsWireframe.swift */,
			);
			path = FlashcardsWireframe;
			sourceTree = "<group>";
		};
		927101E520AEF9CE003B9D20 /* Stat */ = {
			isa = PBXGroup;
			children = (
				927101E620AEF9ED003B9D20 /* StatRoot.swift */,
				927101E820AEFA12003B9D20 /* StatBlock.swift */,
				927101EA20AEFA23003B9D20 /* StatLesson.swift */,
				927101EC20AEFA30003B9D20 /* StatWord.swift */,
				92C2F3E820A1F01E00F5982B /* StatPhrase.swift */,
			);
			path = Stat;
			sourceTree = "<group>";
		};
		92C2F3A920A1A91200F5982B /* Views */ = {
			isa = PBXGroup;
			children = (
				92C2F3AA20A1A95300F5982B /* BigButton.swift */,
				92B18D5020A45B0300F3CF08 /* CardView.swift */,
				92E85FA620A462A100A54819 /* CardView.xib */,
				92B275FF20B31CDB008E51A7 /* RoundedProgressView.swift */,
			);
			path = Views;
			sourceTree = "<group>";
		};
		92C2F3CE20A1DD5500F5982B /* GameModule */ = {
			isa = PBXGroup;
			children = (
				92C2F3DB20A1E58C00F5982B /* GameProtocols.swift */,
				92C2F3CF20A1DE0400F5982B /* GameAssembly.swift */,
				92C2F3D520A1E4F100F5982B /* GamePresenter.swift */,
				92F4AE2320A0A8F100E3EF19 /* GameVC.swift */,
			);
			path = GameModule;
			sourceTree = "<group>";
		};
		92C2F3E720A1EFFB00F5982B /* Data */ = {
			isa = PBXGroup;
			children = (
				92106C9420ADC02D000B16C8 /* V2 */,
				92106C8820ADBCCA000B16C8 /* Models */,
			);
			path = Data;
			sourceTree = "<group>";
		};
		92C2F3EE20A1F3D400F5982B /* Game */ = {
			isa = PBXGroup;
			children = (
				92C2F3EF20A1F3EF00F5982B /* IGameService.swift */,
				92B18D5220A45C5D00F3CF08 /* IGameServiceOutput.swift */,
				92EE108A20A98C1000D5C0F4 /* LessonGameService.swift */,
			);
			path = Game;
			sourceTree = "<group>";
		};
		92C2F3F320A1FAA900F5982B /* Helpers */ = {
			isa = PBXGroup;
			children = (
				92C2F3F120A1FAA000F5982B /* HexColor.swift */,
			);
			path = Helpers;
			sourceTree = "<group>";
		};
		92E85FBE20A46EA600A54819 /* Products */ = {
			isa = PBXGroup;
			children = (
				92E85FC220A46EA800A54819 /* EvergreenBitsUI.framework */,
			);
			name = Products;
			sourceTree = "<group>";
		};
		92F4AE1520A0A8F100E3EF19 = {
			isa = PBXGroup;
			children = (
				92E85FBD20A46EA600A54819 /* EvergreenBitsUI.xcodeproj */,
				92F4AE2020A0A8F100E3EF19 /* Flashcards */,
				92F4AE1F20A0A8F100E3EF19 /* Products */,
			);
			sourceTree = "<group>";
		};
		92F4AE1F20A0A8F100E3EF19 /* Products */ = {
			isa = PBXGroup;
			children = (
				92F4AE1E20A0A8F100E3EF19 /* Flashcards.app */,
			);
			name = Products;
			sourceTree = "<group>";
		};
		92F4AE2020A0A8F100E3EF19 /* Flashcards */ = {
			isa = PBXGroup;
			children = (
				92F4AE2520A0A8F100E3EF19 /* Main.storyboard */,
				92C2F3DD20A1E6D800F5982B /* LaunchScreen.storyboard */,
				92F4AE2120A0A8F100E3EF19 /* AppDelegate.swift */,
				92C2F3DF20A1EA6A00F5982B /* Icon.xcassets */,
				92F4AE2820A0A8F600E3EF19 /* Assets.xcassets */,
				92F4AE2D20A0A8F600E3EF19 /* Info.plist */,
				92C2F3D320A1E38D00F5982B /* FlashcardsStyles.swift */,
				92CE27B720AB38820057988B /* Speaker.swift */,
				92B924F820A5AEAB009A20B4 /* GameConfig.swift */,
				9243DFC420B4356C00651713 /* LoadingVC.swift */,
				9243DFC320B4276900651713 /* FlashcardsWireframe */,
				9243DFC020B425DA00651713 /* BlockGameWireframe */,
				92C2F3E720A1EFFB00F5982B /* Data */,
				92C2F3EE20A1F3D400F5982B /* Game */,
				92C2F3CE20A1DD5500F5982B /* GameModule */,
				92C2F3A920A1A91200F5982B /* Views */,
				92C2F3F320A1FAA900F5982B /* Helpers */,
			);
			path = Flashcards;
			sourceTree = "<group>";
		};
/* End PBXGroup section */

/* Begin PBXNativeTarget section */
		92F4AE1D20A0A8F100E3EF19 /* Flashcards */ = {
			isa = PBXNativeTarget;
			buildConfigurationList = 92F4AE3020A0A8F600E3EF19 /* Build configuration list for PBXNativeTarget "Flashcards" */;
			buildPhases = (
				92F4AE1A20A0A8F100E3EF19 /* Sources */,
				92F4AE1B20A0A8F100E3EF19 /* Frameworks */,
				92F4AE1C20A0A8F100E3EF19 /* Resources */,
				92C2F3A820A1A73500F5982B /* ShellScript */,
				92E85FC920A46F4100A54819 /* Embed Frameworks */,
			);
			buildRules = (
			);
			dependencies = (
				92E85FC820A46F4100A54819 /* PBXTargetDependency */,
			);
			name = Flashcards;
			productName = Flashcards;
			productReference = 92F4AE1E20A0A8F100E3EF19 /* Flashcards.app */;
			productType = "com.apple.product-type.application";
		};
/* End PBXNativeTarget section */

/* Begin PBXProject section */
		92F4AE1620A0A8F100E3EF19 /* Project object */ = {
			isa = PBXProject;
			attributes = {
				LastSwiftUpdateCheck = 0940;
				LastUpgradeCheck = 0940;
				ORGANIZATIONNAME = Emanor;
				TargetAttributes = {
					92F4AE1D20A0A8F100E3EF19 = {
						CreatedOnToolsVersion = 9.4;
					};
				};
			};
			buildConfigurationList = 92F4AE1920A0A8F100E3EF19 /* Build configuration list for PBXProject "Flashcards" */;
			compatibilityVersion = "Xcode 9.3";
			developmentRegion = en;
			hasScannedForEncodings = 0;
			knownRegions = (
				en,
				Base,
			);
			mainGroup = 92F4AE1520A0A8F100E3EF19;
			productRefGroup = 92F4AE1F20A0A8F100E3EF19 /* Products */;
			projectDirPath = "";
			projectReferences = (
				{
					ProductGroup = 92E85FBE20A46EA600A54819 /* Products */;
					ProjectRef = 92E85FBD20A46EA600A54819 /* EvergreenBitsUI.xcodeproj */;
				},
			);
			projectRoot = "";
			targets = (
				92F4AE1D20A0A8F100E3EF19 /* Flashcards */,
			);
		};
/* End PBXProject section */

/* Begin PBXReferenceProxy section */
		92E85FC220A46EA800A54819 /* EvergreenBitsUI.framework */ = {
			isa = PBXReferenceProxy;
			fileType = wrapper.framework;
			path = EvergreenBitsUI.framework;
			remoteRef = 92E85FC120A46EA800A54819 /* PBXContainerItemProxy */;
			sourceTree = BUILT_PRODUCTS_DIR;
		};
/* End PBXReferenceProxy section */

/* Begin PBXResourcesBuildPhase section */
		92F4AE1C20A0A8F100E3EF19 /* Resources */ = {
			isa = PBXResourcesBuildPhase;
			buildActionMask = 2147483647;
			files = (
				92C2F3DE20A1E6D800F5982B /* LaunchScreen.storyboard in Resources */,
				92F4AE2920A0A8F600E3EF19 /* Assets.xcassets in Resources */,
				92E85FA720A462A100A54819 /* CardView.xib in Resources */,
				92C2F3E020A1EA6B00F5982B /* Icon.xcassets in Resources */,
				92F4AE2720A0A8F100E3EF19 /* Main.storyboard in Resources */,
			);
			runOnlyForDeploymentPostprocessing = 0;
		};
/* End PBXResourcesBuildPhase section */

/* Begin PBXShellScriptBuildPhase section */
		92C2F3A820A1A73500F5982B /* ShellScript */ = {
			isa = PBXShellScriptBuildPhase;
			buildActionMask = 2147483647;
			files = (
			);
			inputPaths = (
			);
			outputPaths = (
			);
			runOnlyForDeploymentPostprocessing = 0;
			shellPath = /bin/sh;
			shellScript = "${PROJECT_DIR}/tools/bump_build_number.sh \"${PROJECT_DIR}/${INFOPLIST_FILE}\" >> ${PROJECT_DIR}/BumpLog.txt";
		};
/* End PBXShellScriptBuildPhase section */

/* Begin PBXSourcesBuildPhase section */
		92F4AE1A20A0A8F100E3EF19 /* Sources */ = {
			isa = PBXSourcesBuildPhase;
			buildActionMask = 2147483647;
			files = (
				927101E920AEFA12003B9D20 /* StatBlock.swift in Sources */,
				92B2760020B31CDB008E51A7 /* RoundedProgressView.swift in Sources */,
				92B924F920A5AEAB009A20B4 /* GameConfig.swift in Sources */,
				92C2F3D420A1E38D00F5982B /* FlashcardsStyles.swift in Sources */,
				92EE108B20A98C1000D5C0F4 /* LessonGameService.swift in Sources */,
				92106C8E20ADBD1D000B16C8 /* Word.swift in Sources */,
				92C2F3D220A1E1E700F5982B /* FlashcardsWireframe.swift in Sources */,
				92B18D5120A45B0300F3CF08 /* CardView.swift in Sources */,
				92C2F3F020A1F3EF00F5982B /* IGameService.swift in Sources */,
				92F4AE2420A0A8F100E3EF19 /* GameVC.swift in Sources */,
				92F4AE2220A0A8F100E3EF19 /* AppDelegate.swift in Sources */,
				9243DFC220B426D900651713 /* BlockGameWireframe.swift in Sources */,
				92B18D5320A45C5D00F3CF08 /* IGameServiceOutput.swift in Sources */,
				92C2F3F220A1FAA000F5982B /* HexColor.swift in Sources */,
				92106C8C20ADBD02000B16C8 /* Lesson.swift in Sources */,
				92C2F3D620A1E4F100F5982B /* GamePresenter.swift in Sources */,
				927101ED20AEFA30003B9D20 /* StatWord.swift in Sources */,
				92C2F3AB20A1A95300F5982B /* BigButton.swift in Sources */,
				927101EB20AEFA23003B9D20 /* StatLesson.swift in Sources */,
				92C2F3DC20A1E58C00F5982B /* GameProtocols.swift in Sources */,
				92CE27B820AB38820057988B /* Speaker.swift in Sources */,
				92C2F3EB20A1F28B00F5982B /* IDataService.swift in Sources */,
				927101E720AEF9ED003B9D20 /* StatRoot.swift in Sources */,
				92106C8A20ADBCF7000B16C8 /* Block.swift in Sources */,
				926674BF20ADC10600F91D32 /* Root.swift in Sources */,
				92106C9020ADBD3C000B16C8 /* Phrase.swift in Sources */,
				92C2F3D020A1DE0400F5982B /* GameAssembly.swift in Sources */,
				926674BC20ADC08200F91D32 /* DataServiceV2.swift in Sources */,
				92C2F3E920A1F01E00F5982B /* StatPhrase.swift in Sources */,
				9243DFC520B4356C00651713 /* LoadingVC.swift in Sources */,
			);
			runOnlyForDeploymentPostprocessing = 0;
		};
/* End PBXSourcesBuildPhase section */

/* Begin PBXTargetDependency section */
		92E85FC820A46F4100A54819 /* PBXTargetDependency */ = {
			isa = PBXTargetDependency;
			name = EvergreenBitsUI;
			targetProxy = 92E85FC720A46F4100A54819 /* PBXContainerItemProxy */;
		};
/* End PBXTargetDependency section */

/* Begin PBXVariantGroup section */
		92F4AE2520A0A8F100E3EF19 /* Main.storyboard */ = {
			isa = PBXVariantGroup;
			children = (
				92F4AE2620A0A8F100E3EF19 /* Base */,
			);
			name = Main.storyboard;
			sourceTree = "<group>";
		};
/* End PBXVariantGroup section */

/* Begin XCBuildConfiguration section */
		92F4AE2E20A0A8F600E3EF19 /* Debug */ = {
			isa = XCBuildConfiguration;
			buildSettings = {
				ALWAYS_SEARCH_USER_PATHS = NO;
				CLANG_ANALYZER_NONNULL = YES;
				CLANG_ANALYZER_NUMBER_OBJECT_CONVERSION = YES_AGGRESSIVE;
				CLANG_CXX_LANGUAGE_STANDARD = "gnu++14";
				CLANG_CXX_LIBRARY = "libc++";
				CLANG_ENABLE_MODULES = YES;
				CLANG_ENABLE_OBJC_ARC = YES;
				CLANG_ENABLE_OBJC_WEAK = YES;
				CLANG_WARN_BLOCK_CAPTURE_AUTORELEASING = YES;
				CLANG_WARN_BOOL_CONVERSION = YES;
				CLANG_WARN_COMMA = YES;
				CLANG_WARN_CONSTANT_CONVERSION = YES;
				CLANG_WARN_DEPRECATED_OBJC_IMPLEMENTATIONS = YES;
				CLANG_WARN_DIRECT_OBJC_ISA_USAGE = YES_ERROR;
				CLANG_WARN_DOCUMENTATION_COMMENTS = YES;
				CLANG_WARN_EMPTY_BODY = YES;
				CLANG_WARN_ENUM_CONVERSION = YES;
				CLANG_WARN_INFINITE_RECURSION = YES;
				CLANG_WARN_INT_CONVERSION = YES;
				CLANG_WARN_NON_LITERAL_NULL_CONVERSION = YES;
				CLANG_WARN_OBJC_IMPLICIT_RETAIN_SELF = YES;
				CLANG_WARN_OBJC_LITERAL_CONVERSION = YES;
				CLANG_WARN_OBJC_ROOT_CLASS = YES_ERROR;
				CLANG_WARN_RANGE_LOOP_ANALYSIS = YES;
				CLANG_WARN_STRICT_PROTOTYPES = YES;
				CLANG_WARN_SUSPICIOUS_MOVE = YES;
				CLANG_WARN_UNGUARDED_AVAILABILITY = YES_AGGRESSIVE;
				CLANG_WARN_UNREACHABLE_CODE = YES;
				CLANG_WARN__DUPLICATE_METHOD_MATCH = YES;
				CODE_SIGN_IDENTITY = "iPhone Developer";
				COPY_PHASE_STRIP = NO;
				DEBUG_INFORMATION_FORMAT = dwarf;
				ENABLE_STRICT_OBJC_MSGSEND = YES;
				ENABLE_TESTABILITY = YES;
				GCC_C_LANGUAGE_STANDARD = gnu11;
				GCC_DYNAMIC_NO_PIC = NO;
				GCC_NO_COMMON_BLOCKS = YES;
				GCC_OPTIMIZATION_LEVEL = 0;
				GCC_PREPROCESSOR_DEFINITIONS = (
					"DEBUG=1",
					"$(inherited)",
				);
				GCC_WARN_64_TO_32_BIT_CONVERSION = YES;
				GCC_WARN_ABOUT_RETURN_TYPE = YES_ERROR;
				GCC_WARN_UNDECLARED_SELECTOR = YES;
				GCC_WARN_UNINITIALIZED_AUTOS = YES_AGGRESSIVE;
				GCC_WARN_UNUSED_FUNCTION = YES;
				GCC_WARN_UNUSED_VARIABLE = YES;
				IPHONEOS_DEPLOYMENT_TARGET = 11.3;
				MTL_ENABLE_DEBUG_INFO = YES;
				ONLY_ACTIVE_ARCH = YES;
				SDKROOT = iphoneos;
				SWIFT_ACTIVE_COMPILATION_CONDITIONS = DEBUG;
				SWIFT_OPTIMIZATION_LEVEL = "-Onone";
			};
			name = Debug;
		};
		92F4AE2F20A0A8F600E3EF19 /* Release */ = {
			isa = XCBuildConfiguration;
			buildSettings = {
				ALWAYS_SEARCH_USER_PATHS = NO;
				CLANG_ANALYZER_NONNULL = YES;
				CLANG_ANALYZER_NUMBER_OBJECT_CONVERSION = YES_AGGRESSIVE;
				CLANG_CXX_LANGUAGE_STANDARD = "gnu++14";
				CLANG_CXX_LIBRARY = "libc++";
				CLANG_ENABLE_MODULES = YES;
				CLANG_ENABLE_OBJC_ARC = YES;
				CLANG_ENABLE_OBJC_WEAK = YES;
				CLANG_WARN_BLOCK_CAPTURE_AUTORELEASING = YES;
				CLANG_WARN_BOOL_CONVERSION = YES;
				CLANG_WARN_COMMA = YES;
				CLANG_WARN_CONSTANT_CONVERSION = YES;
				CLANG_WARN_DEPRECATED_OBJC_IMPLEMENTATIONS = YES;
				CLANG_WARN_DIRECT_OBJC_ISA_USAGE = YES_ERROR;
				CLANG_WARN_DOCUMENTATION_COMMENTS = YES;
				CLANG_WARN_EMPTY_BODY = YES;
				CLANG_WARN_ENUM_CONVERSION = YES;
				CLANG_WARN_INFINITE_RECURSION = YES;
				CLANG_WARN_INT_CONVERSION = YES;
				CLANG_WARN_NON_LITERAL_NULL_CONVERSION = YES;
				CLANG_WARN_OBJC_IMPLICIT_RETAIN_SELF = YES;
				CLANG_WARN_OBJC_LITERAL_CONVERSION = YES;
				CLANG_WARN_OBJC_ROOT_CLASS = YES_ERROR;
				CLANG_WARN_RANGE_LOOP_ANALYSIS = YES;
				CLANG_WARN_STRICT_PROTOTYPES = YES;
				CLANG_WARN_SUSPICIOUS_MOVE = YES;
				CLANG_WARN_UNGUARDED_AVAILABILITY = YES_AGGRESSIVE;
				CLANG_WARN_UNREACHABLE_CODE = YES;
				CLANG_WARN__DUPLICATE_METHOD_MATCH = YES;
				CODE_SIGN_IDENTITY = "iPhone Developer";
				COPY_PHASE_STRIP = NO;
				DEBUG_INFORMATION_FORMAT = "dwarf-with-dsym";
				ENABLE_NS_ASSERTIONS = NO;
				ENABLE_STRICT_OBJC_MSGSEND = YES;
				GCC_C_LANGUAGE_STANDARD = gnu11;
				GCC_NO_COMMON_BLOCKS = YES;
				GCC_WARN_64_TO_32_BIT_CONVERSION = YES;
				GCC_WARN_ABOUT_RETURN_TYPE = YES_ERROR;
				GCC_WARN_UNDECLARED_SELECTOR = YES;
				GCC_WARN_UNINITIALIZED_AUTOS = YES_AGGRESSIVE;
				GCC_WARN_UNUSED_FUNCTION = YES;
				GCC_WARN_UNUSED_VARIABLE = YES;
				IPHONEOS_DEPLOYMENT_TARGET = 11.3;
				MTL_ENABLE_DEBUG_INFO = NO;
				SDKROOT = iphoneos;
				SWIFT_COMPILATION_MODE = wholemodule;
				SWIFT_OPTIMIZATION_LEVEL = "-O";
				VALIDATE_PRODUCT = YES;
			};
			name = Release;
		};
		92F4AE3120A0A8F600E3EF19 /* Debug */ = {
			isa = XCBuildConfiguration;
			buildSettings = {
				ALWAYS_EMBED_SWIFT_STANDARD_LIBRARIES = YES;
				ASSETCATALOG_COMPILER_APPICON_NAME = AppIcon;
				CODE_SIGN_STYLE = Automatic;
				DEVELOPMENT_TEAM = 3G3BBTBF46;
				INFOPLIST_FILE = Flashcards/Info.plist;
				LD_RUNPATH_SEARCH_PATHS = (
					"$(inherited)",
					"@executable_path/Frameworks",
					"@loader_path/Frameworks\n$(CONFIGURATION_BUILD_DIR)",
					"$(CONFIGURATION_BUILD_DIR)",
				);
				PRODUCT_BUNDLE_IDENTIFIER = com.emanor.Flashcards;
				PRODUCT_NAME = "$(TARGET_NAME)";
				SWIFT_VERSION = 4.0;
				TARGETED_DEVICE_FAMILY = 1;
			};
			name = Debug;
		};
		92F4AE3220A0A8F600E3EF19 /* Release */ = {
			isa = XCBuildConfiguration;
			buildSettings = {
				ALWAYS_EMBED_SWIFT_STANDARD_LIBRARIES = YES;
				ASSETCATALOG_COMPILER_APPICON_NAME = AppIcon;
				CODE_SIGN_STYLE = Automatic;
				DEVELOPMENT_TEAM = 3G3BBTBF46;
				INFOPLIST_FILE = Flashcards/Info.plist;
				LD_RUNPATH_SEARCH_PATHS = (
					"$(inherited)",
					"@executable_path/Frameworks",
					"@loader_path/Frameworks\n$(CONFIGURATION_BUILD_DIR)",
					"$(CONFIGURATION_BUILD_DIR)",
				);
				PRODUCT_BUNDLE_IDENTIFIER = com.emanor.Flashcards;
				PRODUCT_NAME = "$(TARGET_NAME)";
				SWIFT_VERSION = 4.0;
				TARGETED_DEVICE_FAMILY = 1;
			};
			name = Release;
		};
/* End XCBuildConfiguration section */

/* Begin XCConfigurationList section */
		92F4AE1920A0A8F100E3EF19 /* Build configuration list for PBXProject "Flashcards" */ = {
			isa = XCConfigurationList;
			buildConfigurations = (
				92F4AE2E20A0A8F600E3EF19 /* Debug */,
				92F4AE2F20A0A8F600E3EF19 /* Release */,
			);
			defaultConfigurationIsVisible = 0;
			defaultConfigurationName = Release;
		};
		92F4AE3020A0A8F600E3EF19 /* Build configuration list for PBXNativeTarget "Flashcards" */ = {
			isa = XCConfigurationList;
			buildConfigurations = (
				92F4AE3120A0A8F600E3EF19 /* Debug */,
				92F4AE3220A0A8F600E3EF19 /* Release */,
			);
			defaultConfigurationIsVisible = 0;
			defaultConfigurationName = Release;
		};
/* End XCConfigurationList section */
	};
	rootObject = 92F4AE1620A0A8F100E3EF19 /* Project object */;
}
